github.com/hshimamoto/go-iorelay v0.0.0-20200822035826-c2d7a868b951/go.mod h1:uyVVJ1n2K6ncZzpmp7EpaRzFfwsJcBg6Y1hXMeainSs=
github.com/hshimamoto/go-session v0.0.0-20211024231125-7561184f2955 h1:H4ZeYxzvmIPwQfGPYTUwOKci5C14D/owvSY6zSIUOpI=
github.com/hshimamoto/go-session v0.0.0-20211024231125-7561184f2955/go.mod h1:IhbipXykKkeYvxEc4oGb9cHOsepjyjH4DoRRO2IywiE=
